// !$*UTF8*$!
{
	archiveVersion = 1;
	classes = {
	};
	objectVersion = 50;
	objects = {

/* Begin PBXBuildFile section */
		489CB71924DF8D2800C54D68 /* main.cpp in Sources */ = {isa = PBXBuildFile; fileRef = 489CB71824DF8D2800C54D68 /* main.cpp */; };
		489CB72124DF8E2A00C54D68 /* OpenGL.framework in Frameworks */ = {isa = PBXBuildFile; fileRef = 489CB72024DF8E2A00C54D68 /* OpenGL.framework */; };
		489CB72724DF921900C54D68 /* libGLEW.2.1.0.dylib in Frameworks */ = {isa = PBXBuildFile; fileRef = 489CB72524DF921900C54D68 /* libGLEW.2.1.0.dylib */; };
		489CB72B24DF950100C54D68 /* libglfw.3.dylib in Frameworks */ = {isa = PBXBuildFile; fileRef = 489CB72A24DF950100C54D68 /* libglfw.3.dylib */; };
		489CB73024E07D0200C54D68 /* glad.c in Sources */ = {isa = PBXBuildFile; fileRef = 489CB72F24E07D0200C54D68 /* glad.c */; };
		489CB73124E07D5900C54D68 /* libGLEW.2.1.0.dylib in Embed Libraries */ = {isa = PBXBuildFile; fileRef = 489CB72524DF921900C54D68 /* libGLEW.2.1.0.dylib */; settings = {ATTRIBUTES = (CodeSignOnCopy, ); }; };
		489CB73324E07D5B00C54D68 /* libglfw.3.dylib in Embed Libraries */ = {isa = PBXBuildFile; fileRef = 489CB72A24DF950100C54D68 /* libglfw.3.dylib */; settings = {ATTRIBUTES = (CodeSignOnCopy, ); }; };
/* End PBXBuildFile section */

/* Begin PBXCopyFilesBuildPhase section */
		489CB71324DF8D2800C54D68 /* CopyFiles */ = {
			isa = PBXCopyFilesBuildPhase;
			buildActionMask = 2147483647;
			dstPath = /usr/share/man/man1/;
			dstSubfolderSpec = 0;
			files = (
			);
			runOnlyForDeploymentPostprocessing = 1;
		};
		489CB73224E07D5900C54D68 /* Embed Libraries */ = {
			isa = PBXCopyFilesBuildPhase;
			buildActionMask = 2147483647;
			dstPath = "";
			dstSubfolderSpec = 10;
			files = (
				489CB73124E07D5900C54D68 /* libGLEW.2.1.0.dylib in Embed Libraries */,
				489CB73324E07D5B00C54D68 /* libglfw.3.dylib in Embed Libraries */,
			);
			name = "Embed Libraries";
			runOnlyForDeploymentPostprocessing = 0;
		};
/* End PBXCopyFilesBuildPhase section */

/* Begin PBXFileReference section */
		489CB71524DF8D2800C54D68 /* openGL */ = {isa = PBXFileReference; explicitFileType = "compiled.mach-o.executable"; includeInIndex = 0; path = openGL; sourceTree = BUILT_PRODUCTS_DIR; };
		489CB71824DF8D2800C54D68 /* main.cpp */ = {isa = PBXFileReference; lastKnownFileType = sourcecode.cpp.cpp; path = main.cpp; sourceTree = "<group>"; };
		489CB72024DF8E2A00C54D68 /* OpenGL.framework */ = {isa = PBXFileReference; lastKnownFileType = wrapper.framework; name = OpenGL.framework; path = System/Library/Frameworks/OpenGL.framework; sourceTree = SDKROOT; };
		489CB72224DF8E5600C54D68 /* InterfaceBuilderKit.framework */ = {isa = PBXFileReference; lastKnownFileType = wrapper.framework; name = InterfaceBuilderKit.framework; path = Library/Frameworks/InterfaceBuilderKit.framework; sourceTree = DEVELOPER_DIR; };
		489CB72424DF921900C54D68 /* libglfw3.a */ = {isa = PBXFileReference; lastKnownFileType = archive.ar; path = libglfw3.a; sourceTree = "<group>"; };
		489CB72524DF921900C54D68 /* libGLEW.2.1.0.dylib */ = {isa = PBXFileReference; lastKnownFileType = "compiled.mach-o.dylib"; path = libGLEW.2.1.0.dylib; sourceTree = "<group>"; };
		489CB72824DF927B00C54D68 /* libglfw.3.dylib */ = {isa = PBXFileReference; lastKnownFileType = "compiled.mach-o.dylib"; name = libglfw.3.dylib; path = "../../glfw-3.3.2.bin.MACOS/lib-macos/libglfw.3.dylib"; sourceTree = "<group>"; };
		489CB72A24DF950100C54D68 /* libglfw.3.dylib */ = {isa = PBXFileReference; lastKnownFileType = "compiled.mach-o.dylib"; path = libglfw.3.dylib; sourceTree = "<group>"; };
		489CB72C24E07A8300C54D68 /* openGL.entitlements */ = {isa = PBXFileReference; lastKnownFileType = text.plist.entitlements; path = openGL.entitlements; sourceTree = "<group>"; };
		489CB72F24E07D0200C54D68 /* glad.c */ = {isa = PBXFileReference; fileEncoding = 4; lastKnownFileType = sourcecode.c.c; name = glad.c; path = ../../../../../Downloads/glad/src/glad.c; sourceTree = "<group>"; };
/* End PBXFileReference section */

/* Begin PBXFrameworksBuildPhase section */
		489CB71224DF8D2800C54D68 /* Frameworks */ = {
			isa = PBXFrameworksBuildPhase;
			buildActionMask = 2147483647;
			files = (
				489CB72B24DF950100C54D68 /* libglfw.3.dylib in Frameworks */,
				489CB72724DF921900C54D68 /* libGLEW.2.1.0.dylib in Frameworks */,
				489CB72124DF8E2A00C54D68 /* OpenGL.framework in Frameworks */,
			);
			runOnlyForDeploymentPostprocessing = 0;
		};
/* End PBXFrameworksBuildPhase section */

/* Begin PBXGroup section */
		489CB70C24DF8D2800C54D68 = {
			isa = PBXGroup;
			children = (
				489CB72E24E07CEB00C54D68 /* lib */,
				489CB71724DF8D2800C54D68 /* openGL */,
				489CB71624DF8D2800C54D68 /* Products */,
				489CB71F24DF8E2900C54D68 /* Frameworks */,
			);
			sourceTree = "<group>";
		};
		489CB71624DF8D2800C54D68 /* Products */ = {
			isa = PBXGroup;
			children = (
				489CB71524DF8D2800C54D68 /* openGL */,
			);
			name = Products;
			sourceTree = "<group>";
		};
		489CB71724DF8D2800C54D68 /* openGL */ = {
			isa = PBXGroup;
			children = (
				489CB72C24E07A8300C54D68 /* openGL.entitlements */,
				489CB71824DF8D2800C54D68 /* main.cpp */,
			);
			path = openGL;
			sourceTree = "<group>";
		};
		489CB71F24DF8E2900C54D68 /* Frameworks */ = {
			isa = PBXGroup;
			children = (
				489CB72824DF927B00C54D68 /* libglfw.3.dylib */,
				489CB72A24DF950100C54D68 /* libglfw.3.dylib */,
				489CB72524DF921900C54D68 /* libGLEW.2.1.0.dylib */,
				489CB72424DF921900C54D68 /* libglfw3.a */,
				489CB72224DF8E5600C54D68 /* InterfaceBuilderKit.framework */,
				489CB72024DF8E2A00C54D68 /* OpenGL.framework */,
			);
			name = Frameworks;
			sourceTree = "<group>";
		};
		489CB72E24E07CEB00C54D68 /* lib */ = {
			isa = PBXGroup;
			children = (
				489CB72F24E07D0200C54D68 /* glad.c */,
			);
			path = lib;
			sourceTree = "<group>";
		};
/* End PBXGroup section */

/* Begin PBXNativeTarget section */
		489CB71424DF8D2800C54D68 /* openGL */ = {
			isa = PBXNativeTarget;
			buildConfigurationList = 489CB71C24DF8D2800C54D68 /* Build configuration list for PBXNativeTarget "openGL" */;
			buildPhases = (
				489CB71124DF8D2800C54D68 /* Sources */,
				489CB71224DF8D2800C54D68 /* Frameworks */,
				489CB71324DF8D2800C54D68 /* CopyFiles */,
				489CB73224E07D5900C54D68 /* Embed Libraries */,
			);
			buildRules = (
			);
			dependencies = (
			);
			name = openGL;
			productName = openGL;
			productReference = 489CB71524DF8D2800C54D68 /* openGL */;
			productType = "com.apple.product-type.tool";
		};
/* End PBXNativeTarget section */

/* Begin PBXProject section */
		489CB70D24DF8D2800C54D68 /* Project object */ = {
			isa = PBXProject;
			attributes = {
				LastUpgradeCheck = 1160;
				ORGANIZATIONNAME = "Mariana García";
				TargetAttributes = {
					489CB71424DF8D2800C54D68 = {
						CreatedOnToolsVersion = 11.6;
					};
				};
			};
			buildConfigurationList = 489CB71024DF8D2800C54D68 /* Build configuration list for PBXProject "openGL" */;
			compatibilityVersion = "Xcode 9.3";
			developmentRegion = en;
			hasScannedForEncodings = 0;
			knownRegions = (
				en,
				Base,
			);
			mainGroup = 489CB70C24DF8D2800C54D68;
			productRefGroup = 489CB71624DF8D2800C54D68 /* Products */;
			projectDirPath = "";
			projectRoot = "";
			targets = (
				489CB71424DF8D2800C54D68 /* openGL */,
			);
		};
/* End PBXProject section */

/* Begin PBXSourcesBuildPhase section */
		489CB71124DF8D2800C54D68 /* Sources */ = {
			isa = PBXSourcesBuildPhase;
			buildActionMask = 2147483647;
			files = (
				489CB71924DF8D2800C54D68 /* main.cpp in Sources */,
				489CB73024E07D0200C54D68 /* glad.c in Sources */,
			);
			runOnlyForDeploymentPostprocessing = 0;
		};
/* End PBXSourcesBuildPhase section */

/* Begin XCBuildConfiguration section */
		489CB71A24DF8D2800C54D68 /* Debug */ = {
			isa = XCBuildConfiguration;
			buildSettings = {
				ALWAYS_SEARCH_USER_PATHS = NO;
				CLANG_ANALYZER_NONNULL = YES;
				CLANG_ANALYZER_NUMBER_OBJECT_CONVERSION = YES_AGGRESSIVE;
				CLANG_CXX_LANGUAGE_STANDARD = "gnu++14";
				CLANG_CXX_LIBRARY = "libc++";
				CLANG_ENABLE_MODULES = YES;
				CLANG_ENABLE_OBJC_ARC = YES;
				CLANG_ENABLE_OBJC_WEAK = YES;
				CLANG_WARN_BLOCK_CAPTURE_AUTORELEASING = YES;
				CLANG_WARN_BOOL_CONVERSION = YES;
				CLANG_WARN_COMMA = YES;
				CLANG_WARN_CONSTANT_CONVERSION = YES;
				CLANG_WARN_DEPRECATED_OBJC_IMPLEMENTATIONS = YES;
				CLANG_WARN_DIRECT_OBJC_ISA_USAGE = YES_ERROR;
				CLANG_WARN_DOCUMENTATION_COMMENTS = YES;
				CLANG_WARN_EMPTY_BODY = YES;
				CLANG_WARN_ENUM_CONVERSION = YES;
				CLANG_WARN_INFINITE_RECURSION = YES;
				CLANG_WARN_INT_CONVERSION = YES;
				CLANG_WARN_NON_LITERAL_NULL_CONVERSION = YES;
				CLANG_WARN_OBJC_IMPLICIT_RETAIN_SELF = YES;
				CLANG_WARN_OBJC_LITERAL_CONVERSION = YES;
				CLANG_WARN_OBJC_ROOT_CLASS = YES_ERROR;
				CLANG_WARN_RANGE_LOOP_ANALYSIS = YES;
				CLANG_WARN_STRICT_PROTOTYPES = YES;
				CLANG_WARN_SUSPICIOUS_MOVE = YES;
				CLANG_WARN_UNGUARDED_AVAILABILITY = YES_AGGRESSIVE;
				CLANG_WARN_UNREACHABLE_CODE = YES;
				CLANG_WARN__DUPLICATE_METHOD_MATCH = YES;
				COPY_PHASE_STRIP = NO;
				DEBUG_INFORMATION_FORMAT = dwarf;
				ENABLE_STRICT_OBJC_MSGSEND = YES;
				ENABLE_TESTABILITY = YES;
				GCC_C_LANGUAGE_STANDARD = gnu11;
				GCC_DYNAMIC_NO_PIC = NO;
				GCC_NO_COMMON_BLOCKS = YES;
				GCC_OPTIMIZATION_LEVEL = 0;
				GCC_PREPROCESSOR_DEFINITIONS = (
					"DEBUG=1",
					"$(inherited)",
				);
				GCC_WARN_64_TO_32_BIT_CONVERSION = YES;
				GCC_WARN_ABOUT_RETURN_TYPE = YES_ERROR;
				GCC_WARN_UNDECLARED_SELECTOR = YES;
				GCC_WARN_UNINITIALIZED_AUTOS = YES_AGGRESSIVE;
				GCC_WARN_UNUSED_FUNCTION = YES;
				GCC_WARN_UNUSED_VARIABLE = YES;
				HEADER_SEARCH_PATHS = /usr/local/include;
				LIBRARY_SEARCH_PATHS = /usr/local/lib;
				MACOSX_DEPLOYMENT_TARGET = 10.15;
				MTL_ENABLE_DEBUG_INFO = INCLUDE_SOURCE;
				MTL_FAST_MATH = YES;
				ONLY_ACTIVE_ARCH = YES;
				SDKROOT = macosx;
			};
			name = Debug;
		};
		489CB71B24DF8D2800C54D68 /* Release */ = {
			isa = XCBuildConfiguration;
			buildSettings = {
				ALWAYS_SEARCH_USER_PATHS = NO;
				CLANG_ANALYZER_NONNULL = YES;
				CLANG_ANALYZER_NUMBER_OBJECT_CONVERSION = YES_AGGRESSIVE;
				CLANG_CXX_LANGUAGE_STANDARD = "gnu++14";
				CLANG_CXX_LIBRARY = "libc++";
				CLANG_ENABLE_MODULES = YES;
				CLANG_ENABLE_OBJC_ARC = YES;
				CLANG_ENABLE_OBJC_WEAK = YES;
				CLANG_WARN_BLOCK_CAPTURE_AUTORELEASING = YES;
				CLANG_WARN_BOOL_CONVERSION = YES;
				CLANG_WARN_COMMA = YES;
				CLANG_WARN_CONSTANT_CONVERSION = YES;
				CLANG_WARN_DEPRECATED_OBJC_IMPLEMENTATIONS = YES;
				CLANG_WARN_DIRECT_OBJC_ISA_USAGE = YES_ERROR;
				CLANG_WARN_DOCUMENTATION_COMMENTS = YES;
				CLANG_WARN_EMPTY_BODY = YES;
				CLANG_WARN_ENUM_CONVERSION = YES;
				CLANG_WARN_INFINITE_RECURSION = YES;
				CLANG_WARN_INT_CONVERSION = YES;
				CLANG_WARN_NON_LITERAL_NULL_CONVERSION = YES;
				CLANG_WARN_OBJC_IMPLICIT_RETAIN_SELF = YES;
				CLANG_WARN_OBJC_LITERAL_CONVERSION = YES;
				CLANG_WARN_OBJC_ROOT_CLASS = YES_ERROR;
				CLANG_WARN_RANGE_LOOP_ANALYSIS = YES;
				CLANG_WARN_STRICT_PROTOTYPES = YES;
				CLANG_WARN_SUSPICIOUS_MOVE = YES;
				CLANG_WARN_UNGUARDED_AVAILABILITY = YES_AGGRESSIVE;
				CLANG_WARN_UNREACHABLE_CODE = YES;
				CLANG_WARN__DUPLICATE_METHOD_MATCH = YES;
				COPY_PHASE_STRIP = NO;
				DEBUG_INFORMATION_FORMAT = "dwarf-with-dsym";
				ENABLE_NS_ASSERTIONS = NO;
				ENABLE_STRICT_OBJC_MSGSEND = YES;
				GCC_C_LANGUAGE_STANDARD = gnu11;
				GCC_NO_COMMON_BLOCKS = YES;
				GCC_WARN_64_TO_32_BIT_CONVERSION = YES;
				GCC_WARN_ABOUT_RETURN_TYPE = YES_ERROR;
				GCC_WARN_UNDECLARED_SELECTOR = YES;
				GCC_WARN_UNINITIALIZED_AUTOS = YES_AGGRESSIVE;
				GCC_WARN_UNUSED_FUNCTION = YES;
				GCC_WARN_UNUSED_VARIABLE = YES;
				HEADER_SEARCH_PATHS = /usr/local/include;
				LIBRARY_SEARCH_PATHS = /usr/local/lib;
				MACOSX_DEPLOYMENT_TARGET = 10.15;
				MTL_ENABLE_DEBUG_INFO = NO;
				MTL_FAST_MATH = YES;
				SDKROOT = macosx;
			};
			name = Release;
		};
		489CB71D24DF8D2800C54D68 /* Debug */ = {
			isa = XCBuildConfiguration;
			buildSettings = {
				CODE_SIGN_ENTITLEMENTS = openGL/openGL.entitlements;
				CODE_SIGN_STYLE = Manual;
				DEVELOPMENT_TEAM = "";
				ENABLE_HARDENED_RUNTIME = YES;
				LIBRARY_SEARCH_PATHS = (
					"$(inherited)",
					"$(PROJECT_DIR)",
				);
				PRECOMPS_INCLUDE_HEADERS_FROM_BUILT_PRODUCTS_DIR = YES;
				PRODUCT_NAME = "$(TARGET_NAME)";
				PROVISIONING_PROFILE_SPECIFIER = "";
			};
			name = Debug;
		};
		489CB71E24DF8D2800C54D68 /* Release */ = {
			isa = XCBuildConfiguration;
			buildSettings = {
				CODE_SIGN_ENTITLEMENTS = openGL/openGL.entitlements;
				CODE_SIGN_STYLE = Manual;
				DEVELOPMENT_TEAM = "";
				ENABLE_HARDENED_RUNTIME = YES;
				LIBRARY_SEARCH_PATHS = (
					"$(inherited)",
					"$(PROJECT_DIR)",
				);
				PRECOMPS_INCLUDE_HEADERS_FROM_BUILT_PRODUCTS_DIR = YES;
				PRODUCT_NAME = "$(TARGET_NAME)";
				PROVISIONING_PROFILE_SPECIFIER = "";
			};
			name = Release;
		};
/* End XCBuildConfiguration section */

/* Begin XCConfigurationList section */
		489CB71024DF8D2800C54D68 /* Build configuration list for PBXProject "openGL" */ = {
			isa = XCConfigurationList;
			buildConfigurations = (
				489CB71A24DF8D2800C54D68 /* Debug */,
				489CB71B24DF8D2800C54D68 /* Release */,
			);
			defaultConfigurationIsVisible = 0;
			defaultConfigurationName = Release;
		};
		489CB71C24DF8D2800C54D68 /* Build configuration list for PBXNativeTarget "openGL" */ = {
			isa = XCConfigurationList;
			buildConfigurations = (
				489CB71D24DF8D2800C54D68 /* Debug */,
				489CB71E24DF8D2800C54D68 /* Release */,
			);
			defaultConfigurationIsVisible = 0;
			defaultConfigurationName = Release;
		};
/* End XCConfigurationList section */
	};
	rootObject = 489CB70D24DF8D2800C54D68 /* Project object */;
}
